
Microsoft Visual Studio Solution File, Format Version 12.00
# Visual Studio Version 17
VisualStudioVersion = 17.0.31903.59
MinimumVisualStudioVersion = 10.0.40219.1
Project("{FAE04EC0-301F-11D3-BF4B-00C04F79EFBC}") = "OnionExample", "OnionExample\OnionExample.csproj", "{33FFCA43-FCB2-4DF4-B34D-43D8CCCC0D25}"
EndProject
Project("{2150E333-8FDC-42A3-9474-1A3956D46DE8}") = "Core", "Core", "{FBF56CC3-7AE6-AD2D-3F14-7F97FD322CD6}"
EndProject
Project("{2150E333-8FDC-42A3-9474-1A3956D46DE8}") = "Infrastructure", "Infrastructure", "{DFEE68D8-A7D0-1A41-506C-9B74AA9A7B7B}"
EndProject
Project("{FAE04EC0-301F-11D3-BF4B-00C04F79EFBC}") = "Shared", "Shared\Shared.csproj", "{60BB610E-72A7-44D2-A51D-553E595B23D4}"
EndProject
Project("{FAE04EC0-301F-11D3-BF4B-00C04F79EFBC}") = "Domain", "Core\Domain\Domain.csproj", "{AB278767-7EC0-451E-856C-03D09E8D6679}"
EndProject
Project("{FAE04EC0-301F-11D3-BF4B-00C04F79EFBC}") = "Services", "Core\Services\Services.csproj", "{AD58D89F-2AD8-4CDC-8C19-B14C5755B770}"
EndProject
Project("{FAE04EC0-301F-11D3-BF4B-00C04F79EFBC}") = "Service.Abstractions", "Core\Service.Abstractions\Service.Abstractions.csproj", "{C2CBFC76-E301-4CFF-B909-F752C5995087}"
EndProject
Project("{FAE04EC0-301F-11D3-BF4B-00C04F79EFBC}") = "Persistence", "Infrastructure\Persistence\Persistence.csproj", "{62E5AA00-0763-4AFE-8877-206ED74B176F}"
EndProject
Global
	GlobalSection(SolutionConfigurationPlatforms) = preSolution
		Debug|Any CPU = Debug|Any CPU
		Debug|x64 = Debug|x64
		Debug|x86 = Debug|x86
		Release|Any CPU = Release|Any CPU
		Release|x64 = Release|x64
		Release|x86 = Release|x86
	EndGlobalSection
	GlobalSection(ProjectConfigurationPlatforms) = postSolution
		{33FFCA43-FCB2-4DF4-B34D-43D8CCCC0D25}.Debug|Any CPU.ActiveCfg = Debug|Any CPU
		{33FFCA43-FCB2-4DF4-B34D-43D8CCCC0D25}.Debug|Any CPU.Build.0 = Debug|Any CPU
		{33FFCA43-FCB2-4DF4-B34D-43D8CCCC0D25}.Debug|x64.ActiveCfg = Debug|Any CPU
		{33FFCA43-FCB2-4DF4-B34D-43D8CCCC0D25}.Debug|x64.Build.0 = Debug|Any CPU
		{33FFCA43-FCB2-4DF4-B34D-43D8CCCC0D25}.Debug|x86.ActiveCfg = Debug|Any CPU
		{33FFCA43-FCB2-4DF4-B34D-43D8CCCC0D25}.Debug|x86.Build.0 = Debug|Any CPU
		{33FFCA43-FCB2-4DF4-B34D-43D8CCCC0D25}.Release|Any CPU.ActiveCfg = Release|Any CPU
		{33FFCA43-FCB2-4DF4-B34D-43D8CCCC0D25}.Release|Any CPU.Build.0 = Release|Any CPU
		{33FFCA43-FCB2-4DF4-B34D-43D8CCCC0D25}.Release|x64.ActiveCfg = Release|Any CPU
		{33FFCA43-FCB2-4DF4-B34D-43D8CCCC0D25}.Release|x64.Build.0 = Release|Any CPU
		{33FFCA43-FCB2-4DF4-B34D-43D8CCCC0D25}.Release|x86.ActiveCfg = Release|Any CPU
		{33FFCA43-FCB2-4DF4-B34D-43D8CCCC0D25}.Release|x86.Build.0 = Release|Any CPU
		{60BB610E-72A7-44D2-A51D-553E595B23D4}.Debug|Any CPU.ActiveCfg = Debug|Any CPU
		{60BB610E-72A7-44D2-A51D-553E595B23D4}.Debug|Any CPU.Build.0 = Debug|Any CPU
		{60BB610E-72A7-44D2-A51D-553E595B23D4}.Debug|x64.ActiveCfg = Debug|Any CPU
		{60BB610E-72A7-44D2-A51D-553E595B23D4}.Debug|x64.Build.0 = Debug|Any CPU
		{60BB610E-72A7-44D2-A51D-553E595B23D4}.Debug|x86.ActiveCfg = Debug|Any CPU
		{60BB610E-72A7-44D2-A51D-553E595B23D4}.Debug|x86.Build.0 = Debug|Any CPU
		{60BB610E-72A7-44D2-A51D-553E595B23D4}.Release|Any CPU.ActiveCfg = Release|Any CPU
		{60BB610E-72A7-44D2-A51D-553E595B23D4}.Release|Any CPU.Build.0 = Release|Any CPU
		{60BB610E-72A7-44D2-A51D-553E595B23D4}.Release|x64.ActiveCfg = Release|Any CPU
		{60BB610E-72A7-44D2-A51D-553E595B23D4}.Release|x64.Build.0 = Release|Any CPU
		{60BB610E-72A7-44D2-A51D-553E595B23D4}.Release|x86.ActiveCfg = Release|Any CPU
		{60BB610E-72A7-44D2-A51D-553E595B23D4}.Release|x86.Build.0 = Release|Any CPU
		{AB278767-7EC0-451E-856C-03D09E8D6679}.Debug|Any CPU.ActiveCfg = Debug|Any CPU
		{AB278767-7EC0-451E-856C-03D09E8D6679}.Debug|Any CPU.Build.0 = Debug|Any CPU
		{AB278767-7EC0-451E-856C-03D09E8D6679}.Debug|x64.ActiveCfg = Debug|Any CPU
		{AB278767-7EC0-451E-856C-03D09E8D6679}.Debug|x64.Build.0 = Debug|Any CPU
		{AB278767-7EC0-451E-856C-03D09E8D6679}.Debug|x86.ActiveCfg = Debug|Any CPU
		{AB278767-7EC0-451E-856C-03D09E8D6679}.Debug|x86.Build.0 = Debug|Any CPU
		{AB278767-7EC0-451E-856C-03D09E8D6679}.Release|Any CPU.ActiveCfg = Release|Any CPU
		{AB278767-7EC0-451E-856C-03D09E8D6679}.Release|Any CPU.Build.0 = Release|Any CPU
		{AB278767-7EC0-451E-856C-03D09E8D6679}.Release|x64.ActiveCfg = Release|Any CPU
		{AB278767-7EC0-451E-856C-03D09E8D6679}.Release|x64.Build.0 = Release|Any CPU
		{AB278767-7EC0-451E-856C-03D09E8D6679}.Release|x86.ActiveCfg = Release|Any CPU
		{AB278767-7EC0-451E-856C-03D09E8D6679}.Release|x86.Build.0 = Release|Any CPU
		{AD58D89F-2AD8-4CDC-8C19-B14C5755B770}.Debug|Any CPU.ActiveCfg = Debug|Any CPU
		{AD58D89F-2AD8-4CDC-8C19-B14C5755B770}.Debug|Any CPU.Build.0 = Debug|Any CPU
		{AD58D89F-2AD8-4CDC-8C19-B14C5755B770}.Debug|x64.ActiveCfg = Debug|Any CPU
		{AD58D89F-2AD8-4CDC-8C19-B14C5755B770}.Debug|x64.Build.0 = Debug|Any CPU
		{AD58D89F-2AD8-4CDC-8C19-B14C5755B770}.Debug|x86.ActiveCfg = Debug|Any CPU
		{AD58D89F-2AD8-4CDC-8C19-B14C5755B770}.Debug|x86.Build.0 = Debug|Any CPU
		{AD58D89F-2AD8-4CDC-8C19-B14C5755B770}.Release|Any CPU.ActiveCfg = Release|Any CPU
		{AD58D89F-2AD8-4CDC-8C19-B14C5755B770}.Release|Any CPU.Build.0 = Release|Any CPU
		{AD58D89F-2AD8-4CDC-8C19-B14C5755B770}.Release|x64.ActiveCfg = Release|Any CPU
		{AD58D89F-2AD8-4CDC-8C19-B14C5755B770}.Release|x64.Build.0 = Release|Any CPU
		{AD58D89F-2AD8-4CDC-8C19-B14C5755B770}.Release|x86.ActiveCfg = Release|Any CPU
		{AD58D89F-2AD8-4CDC-8C19-B14C5755B770}.Release|x86.Build.0 = Release|Any CPU
		{C2CBFC76-E301-4CFF-B909-F752C5995087}.Debug|Any CPU.ActiveCfg = Debug|Any CPU
		{C2CBFC76-E301-4CFF-B909-F752C5995087}.Debug|Any CPU.Build.0 = Debug|Any CPU
		{C2CBFC76-E301-4CFF-B909-F752C5995087}.Debug|x64.ActiveCfg = Debug|Any CPU
		{C2CBFC76-E301-4CFF-B909-F752C5995087}.Debug|x64.Build.0 = Debug|Any CPU
		{C2CBFC76-E301-4CFF-B909-F752C5995087}.Debug|x86.ActiveCfg = Debug|Any CPU
		{C2CBFC76-E301-4CFF-B909-F752C5995087}.Debug|x86.Build.0 = Debug|Any CPU
		{C2CBFC76-E301-4CFF-B909-F752C5995087}.Release|Any CPU.ActiveCfg = Release|Any CPU
		{C2CBFC76-E301-4CFF-B909-F752C5995087}.Release|Any CPU.Build.0 = Release|Any CPU
		{C2CBFC76-E301-4CFF-B909-F752C5995087}.Release|x64.ActiveCfg = Release|Any CPU
		{C2CBFC76-E301-4CFF-B909-F752C5995087}.Release|x64.Build.0 = Release|Any CPU
		{C2CBFC76-E301-4CFF-B909-F752C5995087}.Release|x86.ActiveCfg = Release|Any CPU
		{C2CBFC76-E301-4CFF-B909-F752C5995087}.Release|x86.Build.0 = Release|Any CPU
		{62E5AA00-0763-4AFE-8877-206ED74B176F}.Debug|Any CPU.ActiveCfg = Debug|Any CPU
		{62E5AA00-0763-4AFE-8877-206ED74B176F}.Debug|Any CPU.Build.0 = Debug|Any CPU
		{62E5AA00-0763-4AFE-8877-206ED74B176F}.Debug|x64.ActiveCfg = Debug|Any CPU
		{62E5AA00-0763-4AFE-8877-206ED74B176F}.Debug|x64.Build.0 = Debug|Any CPU
		{62E5AA00-0763-4AFE-8877-206ED74B176F}.Debug|x86.ActiveCfg = Debug|Any CPU
		{62E5AA00-0763-4AFE-8877-206ED74B176F}.Debug|x86.Build.0 = Debug|Any CPU
		{62E5AA00-0763-4AFE-8877-206ED74B176F}.Release|Any CPU.ActiveCfg = Release|Any CPU
		{62E5AA00-0763-4AFE-8877-206ED74B176F}.Release|Any CPU.Build.0 = Release|Any CPU
		{62E5AA00-0763-4AFE-8877-206ED74B176F}.Release|x64.ActiveCfg = Release|Any CPU
		{62E5AA00-0763-4AFE-8877-206ED74B176F}.Release|x64.Build.0 = Release|Any CPU
		{62E5AA00-0763-4AFE-8877-206ED74B176F}.Release|x86.ActiveCfg = Release|Any CPU
		{62E5AA00-0763-4AFE-8877-206ED74B176F}.Release|x86.Build.0 = Release|Any CPU
	EndGlobalSection
	GlobalSection(SolutionProperties) = preSolution
		HideSolutionNode = FALSE
	EndGlobalSection
	GlobalSection(NestedProjects) = preSolution
		{AB278767-7EC0-451E-856C-03D09E8D6679} = {FBF56CC3-7AE6-AD2D-3F14-7F97FD322CD6}
		{AD58D89F-2AD8-4CDC-8C19-B14C5755B770} = {FBF56CC3-7AE6-AD2D-3F14-7F97FD322CD6}
		{C2CBFC76-E301-4CFF-B909-F752C5995087} = {FBF56CC3-7AE6-AD2D-3F14-7F97FD322CD6}
		{62E5AA00-0763-4AFE-8877-206ED74B176F} = {DFEE68D8-A7D0-1A41-506C-9B74AA9A7B7B}
	EndGlobalSection
EndGlobal
